
Microsoft Visual Studio Solution File, Format Version 12.00
# Visual Studio Version 17
VisualStudioVersion = 17.6.33815.320
MinimumVisualStudioVersion = 10.0.40219.1
Project("{FAE04EC0-301F-11D3-BF4B-00C04F79EFBC}") = "TodoApi", "TodoApi.csproj", "{78FE181B-49D4-436F-9A4B-95135252C57C}"
EndProject
Global
	GlobalSection(SolutionConfigurationPlatforms) = preSolution
		Debug|Any CPU = Debug|Any CPU
		Release|Any CPU = Release|Any CPU
	EndGlobalSection
	GlobalSection(ProjectConfigurationPlatforms) = postSolution
		{78FE181B-49D4-436F-9A4B-95135252C57C}.Debug|Any CPU.ActiveCfg = Debug|Any CPU
		{78FE181B-49D4-436F-9A4B-95135252C57C}.Debug|Any CPU.Build.0 = Debug|Any CPU
		{78FE181B-49D4-436F-9A4B-95135252C57C}.Release|Any CPU.ActiveCfg = Release|Any CPU
		{78FE181B-49D4-436F-9A4B-95135252C57C}.Release|Any CPU.Build.0 = Release|Any CPU
	EndGlobalSection
	GlobalSection(SolutionProperties) = preSolution
		HideSolutionNode = FALSE
	EndGlobalSection
	GlobalSection(ExtensibilityGlobals) = postSolution
		SolutionGuid = {895F9A15-BD27-4AEA-98B4-AB62724C3F82}
	EndGlobalSection
EndGlobal
