
Microsoft Visual Studio Solution File, Format Version 12.00
# Visual Studio Version 17
VisualStudioVersion = 17.6.33815.320
MinimumVisualStudioVersion = 10.0.40219.1
Project("{FAE04EC0-301F-11D3-BF4B-00C04F79EFBC}") = "ContosoPizza", "ContosoPizza.csproj", "{D72F39BA-1F2B-4FB1-9259-47E53DF32AB2}"
EndProject
Global
	GlobalSection(SolutionConfigurationPlatforms) = preSolution
		Debug|Any CPU = Debug|Any CPU
		Release|Any CPU = Release|Any CPU
	EndGlobalSection
	GlobalSection(ProjectConfigurationPlatforms) = postSolution
		{D72F39BA-1F2B-4FB1-9259-47E53DF32AB2}.Debug|Any CPU.ActiveCfg = Debug|Any CPU
		{D72F39BA-1F2B-4FB1-9259-47E53DF32AB2}.Debug|Any CPU.Build.0 = Debug|Any CPU
		{D72F39BA-1F2B-4FB1-9259-47E53DF32AB2}.Release|Any CPU.ActiveCfg = Release|Any CPU
		{D72F39BA-1F2B-4FB1-9259-47E53DF32AB2}.Release|Any CPU.Build.0 = Release|Any CPU
	EndGlobalSection
	GlobalSection(SolutionProperties) = preSolution
		HideSolutionNode = FALSE
	EndGlobalSection
	GlobalSection(ExtensibilityGlobals) = postSolution
		SolutionGuid = {E0FBF738-179E-4536-99FC-F8F6DB533693}
	EndGlobalSection
EndGlobal
